
Microsoft Visual Studio Solution File, Format Version 12.00
# Visual Studio 15
VisualStudioVersion = 15.0.28307.852
MinimumVisualStudioVersion = 10.0.40219.1
Project("{FAE04EC0-301F-11D3-BF4B-00C04F79EFBC}") = "MVCEvolution", "MVCEvolution\MVCEvolution.csproj", "{9576C210-98AB-4383-8904-90BBEFCD2D0A}"
EndProject
Project("{FAE04EC0-301F-11D3-BF4B-00C04F79EFBC}") = "SingletoneEvolution", "SingletoneEvolution\SingletoneEvolution.csproj", "{3E92A5D8-DA9A-4EDA-A4BD-1F38767E4F01}"
EndProject
Global
	GlobalSection(SolutionConfigurationPlatforms) = preSolution
		Debug|Any CPU = Debug|Any CPU
		Release|Any CPU = Release|Any CPU
	EndGlobalSection
	GlobalSection(ProjectConfigurationPlatforms) = postSolution
		{9576C210-98AB-4383-8904-90BBEFCD2D0A}.Debug|Any CPU.ActiveCfg = Debug|Any CPU
		{9576C210-98AB-4383-8904-90BBEFCD2D0A}.Debug|Any CPU.Build.0 = Debug|Any CPU
		{9576C210-98AB-4383-8904-90BBEFCD2D0A}.Release|Any CPU.ActiveCfg = Release|Any CPU
		{9576C210-98AB-4383-8904-90BBEFCD2D0A}.Release|Any CPU.Build.0 = Release|Any CPU
		{3E92A5D8-DA9A-4EDA-A4BD-1F38767E4F01}.Debug|Any CPU.ActiveCfg = Debug|Any CPU
		{3E92A5D8-DA9A-4EDA-A4BD-1F38767E4F01}.Debug|Any CPU.Build.0 = Debug|Any CPU
		{3E92A5D8-DA9A-4EDA-A4BD-1F38767E4F01}.Release|Any CPU.ActiveCfg = Release|Any CPU
		{3E92A5D8-DA9A-4EDA-A4BD-1F38767E4F01}.Release|Any CPU.Build.0 = Release|Any CPU
	EndGlobalSection
	GlobalSection(SolutionProperties) = preSolution
		HideSolutionNode = FALSE
	EndGlobalSection
	GlobalSection(ExtensibilityGlobals) = postSolution
		SolutionGuid = {3AA37D45-2922-4948-846D-54C1110F99C6}
	EndGlobalSection
EndGlobal
